
Microsoft Visual Studio Solution File, Format Version 12.00
# Visual Studio Version 17
VisualStudioVersion = 17.10.35027.167
MinimumVisualStudioVersion = 10.0.40219.1
Project("{FAE04EC0-301F-11D3-BF4B-00C04F79EFBC}") = "eTickets", "eTickets\eTickets.csproj", "{4BAF0242-1FF9-4BD7-9CEC-0B2C24532B8E}"
EndProject
Global
	GlobalSection(SolutionConfigurationPlatforms) = preSolution
		Debug|Any CPU = Debug|Any CPU
		Release|Any CPU = Release|Any CPU
	EndGlobalSection
	GlobalSection(ProjectConfigurationPlatforms) = postSolution
		{4BAF0242-1FF9-4BD7-9CEC-0B2C24532B8E}.Debug|Any CPU.ActiveCfg = Debug|Any CPU
		{4BAF0242-1FF9-4BD7-9CEC-0B2C24532B8E}.Debug|Any CPU.Build.0 = Debug|Any CPU
		{4BAF0242-1FF9-4BD7-9CEC-0B2C24532B8E}.Release|Any CPU.ActiveCfg = Release|Any CPU
		{4BAF0242-1FF9-4BD7-9CEC-0B2C24532B8E}.Release|Any CPU.Build.0 = Release|Any CPU
	EndGlobalSection
	GlobalSection(SolutionProperties) = preSolution
		HideSolutionNode = FALSE
	EndGlobalSection
	GlobalSection(ExtensibilityGlobals) = postSolution
		SolutionGuid = {1E743A01-F9D9-4681-B529-CB465CA5D1A2}
	EndGlobalSection
EndGlobal
